
Microsoft Visual Studio Solution File, Format Version 12.00
# Visual Studio Version 16
VisualStudioVersion = 16.0.31729.503
MinimumVisualStudioVersion = 10.0.40219.1
Project("{FAE04EC0-301F-11D3-BF4B-00C04F79EFBC}") = "timer lks 1", "timer lks 1\timer lks 1.csproj", "{E2D0CD23-B28B-416E-B085-0D482EBA3F05}"
EndProject
Global
	GlobalSection(SolutionConfigurationPlatforms) = preSolution
		Debug|Any CPU = Debug|Any CPU
		Release|Any CPU = Release|Any CPU
	EndGlobalSection
	GlobalSection(ProjectConfigurationPlatforms) = postSolution
		{E2D0CD23-B28B-416E-B085-0D482EBA3F05}.Debug|Any CPU.ActiveCfg = Debug|Any CPU
		{E2D0CD23-B28B-416E-B085-0D482EBA3F05}.Debug|Any CPU.Build.0 = Debug|Any CPU
		{E2D0CD23-B28B-416E-B085-0D482EBA3F05}.Release|Any CPU.ActiveCfg = Release|Any CPU
		{E2D0CD23-B28B-416E-B085-0D482EBA3F05}.Release|Any CPU.Build.0 = Release|Any CPU
	EndGlobalSection
	GlobalSection(SolutionProperties) = preSolution
		HideSolutionNode = FALSE
	EndGlobalSection
	GlobalSection(ExtensibilityGlobals) = postSolution
		SolutionGuid = {C1A76DE1-2332-4D83-8A84-2A2FA207EDD9}
	EndGlobalSection
EndGlobal
